
Microsoft Visual Studio Solution File, Format Version 12.00
# Visual Studio Version 17
VisualStudioVersion = 17.6.33829.357
MinimumVisualStudioVersion = 10.0.40219.1
Project("{FAE04EC0-301F-11D3-BF4B-00C04F79EFBC}") = "Demo", "Demo\Demo.csproj", "{9BAEE7FC-7C6F-4C8E-885F-A91B50FC95CE}"
EndProject
Global
	GlobalSection(SolutionConfigurationPlatforms) = preSolution
		Debug|Any CPU = Debug|Any CPU
		Release|Any CPU = Release|Any CPU
	EndGlobalSection
	GlobalSection(ProjectConfigurationPlatforms) = postSolution
		{9BAEE7FC-7C6F-4C8E-885F-A91B50FC95CE}.Debug|Any CPU.ActiveCfg = Debug|Any CPU
		{9BAEE7FC-7C6F-4C8E-885F-A91B50FC95CE}.Debug|Any CPU.Build.0 = Debug|Any CPU
		{9BAEE7FC-7C6F-4C8E-885F-A91B50FC95CE}.Release|Any CPU.ActiveCfg = Release|Any CPU
		{9BAEE7FC-7C6F-4C8E-885F-A91B50FC95CE}.Release|Any CPU.Build.0 = Release|Any CPU
	EndGlobalSection
	GlobalSection(SolutionProperties) = preSolution
		HideSolutionNode = FALSE
	EndGlobalSection
	GlobalSection(ExtensibilityGlobals) = postSolution
		SolutionGuid = {BA8588DE-D82F-45C1-B6CE-F3E542657EA9}
	EndGlobalSection
EndGlobal
